
Microsoft Visual Studio Solution File, Format Version 12.00
# Visual Studio 15
VisualStudioVersion = 15.0.28307.779
MinimumVisualStudioVersion = 10.0.40219.1
Project("{FAE04EC0-301F-11D3-BF4B-00C04F79EFBC}") = "M9.Delegates.Lambdas_and_Events", "M9.Delegates.Lambdas_and_Events\M9.Delegates.Lambdas_and_Events.csproj", "{F6233C9B-EA4A-4EB0-B9AD-9B7B389CF1D2}"
EndProject
Project("{FAE04EC0-301F-11D3-BF4B-00C04F79EFBC}") = "TestMethods", "TestMethod\TestMethods.csproj", "{566696CE-7ABB-49B0-BD2C-E96BCC966F2B}"
EndProject
Global
	GlobalSection(SolutionConfigurationPlatforms) = preSolution
		Debug|Any CPU = Debug|Any CPU
		Release|Any CPU = Release|Any CPU
	EndGlobalSection
	GlobalSection(ProjectConfigurationPlatforms) = postSolution
		{F6233C9B-EA4A-4EB0-B9AD-9B7B389CF1D2}.Debug|Any CPU.ActiveCfg = Debug|Any CPU
		{F6233C9B-EA4A-4EB0-B9AD-9B7B389CF1D2}.Debug|Any CPU.Build.0 = Debug|Any CPU
		{F6233C9B-EA4A-4EB0-B9AD-9B7B389CF1D2}.Release|Any CPU.ActiveCfg = Release|Any CPU
		{F6233C9B-EA4A-4EB0-B9AD-9B7B389CF1D2}.Release|Any CPU.Build.0 = Release|Any CPU
		{566696CE-7ABB-49B0-BD2C-E96BCC966F2B}.Debug|Any CPU.ActiveCfg = Debug|Any CPU
		{566696CE-7ABB-49B0-BD2C-E96BCC966F2B}.Debug|Any CPU.Build.0 = Debug|Any CPU
		{566696CE-7ABB-49B0-BD2C-E96BCC966F2B}.Release|Any CPU.ActiveCfg = Release|Any CPU
		{566696CE-7ABB-49B0-BD2C-E96BCC966F2B}.Release|Any CPU.Build.0 = Release|Any CPU
	EndGlobalSection
	GlobalSection(SolutionProperties) = preSolution
		HideSolutionNode = FALSE
	EndGlobalSection
	GlobalSection(ExtensibilityGlobals) = postSolution
		SolutionGuid = {683D565C-B33A-4A97-B087-EC3A5ECC50A9}
	EndGlobalSection
EndGlobal
