
Microsoft Visual Studio Solution File, Format Version 12.00
# Visual Studio 15
VisualStudioVersion = 15.0.28307.779
MinimumVisualStudioVersion = 10.0.40219.1
Project("{FAE04EC0-301F-11D3-BF4B-00C04F79EFBC}") = "M4.Methods_in_details", "M4.Methods_in_details\M4.Methods_in_details.csproj", "{49BDD82E-506A-4215-B6E0-EE3DAA62A444}"
EndProject
Project("{FAE04EC0-301F-11D3-BF4B-00C04F79EFBC}") = "TestMetods", "TestMetods\TestMetods.csproj", "{5ACF88CB-3F00-448D-9AD5-6E15AF25AF34}"
EndProject
Global
	GlobalSection(SolutionConfigurationPlatforms) = preSolution
		Debug|Any CPU = Debug|Any CPU
		Release|Any CPU = Release|Any CPU
	EndGlobalSection
	GlobalSection(ProjectConfigurationPlatforms) = postSolution
		{49BDD82E-506A-4215-B6E0-EE3DAA62A444}.Debug|Any CPU.ActiveCfg = Debug|Any CPU
		{49BDD82E-506A-4215-B6E0-EE3DAA62A444}.Debug|Any CPU.Build.0 = Debug|Any CPU
		{49BDD82E-506A-4215-B6E0-EE3DAA62A444}.Release|Any CPU.ActiveCfg = Release|Any CPU
		{49BDD82E-506A-4215-B6E0-EE3DAA62A444}.Release|Any CPU.Build.0 = Release|Any CPU
		{5ACF88CB-3F00-448D-9AD5-6E15AF25AF34}.Debug|Any CPU.ActiveCfg = Debug|Any CPU
		{5ACF88CB-3F00-448D-9AD5-6E15AF25AF34}.Debug|Any CPU.Build.0 = Debug|Any CPU
		{5ACF88CB-3F00-448D-9AD5-6E15AF25AF34}.Release|Any CPU.ActiveCfg = Release|Any CPU
		{5ACF88CB-3F00-448D-9AD5-6E15AF25AF34}.Release|Any CPU.Build.0 = Release|Any CPU
	EndGlobalSection
	GlobalSection(SolutionProperties) = preSolution
		HideSolutionNode = FALSE
	EndGlobalSection
	GlobalSection(ExtensibilityGlobals) = postSolution
		SolutionGuid = {1CEEC4C1-8B5D-4CEB-A67E-C29182E61C6D}
	EndGlobalSection
EndGlobal
