
Microsoft Visual Studio Solution File, Format Version 12.00
# Visual Studio 15
VisualStudioVersion = 15.0.28307.779
MinimumVisualStudioVersion = 10.0.40219.1
Project("{FAE04EC0-301F-11D3-BF4B-00C04F79EFBC}") = "M2. Basic Coding", "M2. Basic Coding\M2. Basic Coding.csproj", "{869BED9F-A38D-4A25-AB7F-DC97AED31873}"
EndProject
Project("{FAE04EC0-301F-11D3-BF4B-00C04F79EFBC}") = "NUnitTests", "InsertNumberNUnitTests\NUnitTests.csproj", "{F3C5560B-25B7-4BC9-B9F1-EE5B568F3109}"
EndProject
Project("{FAE04EC0-301F-11D3-BF4B-00C04F79EFBC}") = "MSUnitTests", "InsertNumberMSUnitTests\MSUnitTests.csproj", "{3BE6063E-AC60-4BC3-B9FA-F1D9A2D2B0AE}"
EndProject
Global
	GlobalSection(SolutionConfigurationPlatforms) = preSolution
		Debug|Any CPU = Debug|Any CPU
		Release|Any CPU = Release|Any CPU
	EndGlobalSection
	GlobalSection(ProjectConfigurationPlatforms) = postSolution
		{869BED9F-A38D-4A25-AB7F-DC97AED31873}.Debug|Any CPU.ActiveCfg = Debug|Any CPU
		{869BED9F-A38D-4A25-AB7F-DC97AED31873}.Debug|Any CPU.Build.0 = Debug|Any CPU
		{869BED9F-A38D-4A25-AB7F-DC97AED31873}.Release|Any CPU.ActiveCfg = Release|Any CPU
		{869BED9F-A38D-4A25-AB7F-DC97AED31873}.Release|Any CPU.Build.0 = Release|Any CPU
		{F3C5560B-25B7-4BC9-B9F1-EE5B568F3109}.Debug|Any CPU.ActiveCfg = Debug|Any CPU
		{F3C5560B-25B7-4BC9-B9F1-EE5B568F3109}.Debug|Any CPU.Build.0 = Debug|Any CPU
		{F3C5560B-25B7-4BC9-B9F1-EE5B568F3109}.Release|Any CPU.ActiveCfg = Release|Any CPU
		{F3C5560B-25B7-4BC9-B9F1-EE5B568F3109}.Release|Any CPU.Build.0 = Release|Any CPU
		{3BE6063E-AC60-4BC3-B9FA-F1D9A2D2B0AE}.Debug|Any CPU.ActiveCfg = Debug|Any CPU
		{3BE6063E-AC60-4BC3-B9FA-F1D9A2D2B0AE}.Debug|Any CPU.Build.0 = Debug|Any CPU
		{3BE6063E-AC60-4BC3-B9FA-F1D9A2D2B0AE}.Release|Any CPU.ActiveCfg = Release|Any CPU
		{3BE6063E-AC60-4BC3-B9FA-F1D9A2D2B0AE}.Release|Any CPU.Build.0 = Release|Any CPU
	EndGlobalSection
	GlobalSection(SolutionProperties) = preSolution
		HideSolutionNode = FALSE
	EndGlobalSection
	GlobalSection(ExtensibilityGlobals) = postSolution
		SolutionGuid = {58E7E7D4-C553-44C3-9659-A3761F49DBA6}
	EndGlobalSection
EndGlobal
